<?xml version="1.0" encoding="utf-8"?>
<Project ToolsVersion="4.0" xmlns="http://schemas.microsoft.com/developer/msbuild/2003">
  <ItemGroup>
    <Filter Include="Source Files">
      <UniqueIdentifier>{4FC737F1-C7A5-4376-A066-2A32D752A2FF}</UniqueIdentifier>
      <Extensions>cpp;c;cc;cxx;c++;cppm;ixx;def;odl;idl;hpj;bat;asm;asmx</Extensions>
    </Filter>
    <Filter Include="Header Files">
      <UniqueIdentifier>{93995380-89BD-4b04-88EB-625FBE52EBFB}</UniqueIdentifier>
      <Extensions>h;hh;hpp;hxx;h++;hm;inl;inc;ipp;xsd</Extensions>
    </Filter>
    <Filter Include="Resource Files">
      <UniqueIdentifier>{67DA6AB6-F800-4c08-8B7A-83BB121AAD01}</UniqueIdentifier>
      <Extensions>rc;ico;cur;bmp;dlg;rc2;rct;bin;rgs;gif;jpg;jpeg;jpe;resx;tiff;tif;png;wav;mfcribbon-ms</Extensions>
    </Filter>
    <Filter Include="Header Files\base">
      <UniqueIdentifier>{7d5d5022-53c0-407e-bfc7-c6f939b06cbd}</UniqueIdentifier>
    </Filter>
  </ItemGroup>
  <ItemGroup>
    <ClCompile Include="..\..\AnalyticPricingEngine.cpp">
      <Filter>Source Files</Filter>
    </ClCompile>
    <ClCompile Include="..\..\finalMain.cpp">
      <Filter>Source Files</Filter>
    </ClCompile>
    <ClCompile Include="..\..\PerpetualAmericanOption.cpp">
      <Filter>Source Files</Filter>
    </ClCompile>
    <ClCompile Include="..\..\VanillaOption.cpp">
      <Filter>Source Files</Filter>
    </ClCompile>
    <ClCompile Include="..\..\OptionMatrix.cpp">
      <Filter>Source Files</Filter>
    </ClCompile>
  </ItemGroup>
  <ItemGroup>
    <ClInclude Include="..\..\VanillaOption.hpp">
      <Filter>Header Files\base</Filter>
    </ClInclude>
    <ClInclude Include="..\..\AnalyticPricingEngine.hpp">
      <Filter>Header Files\base</Filter>
    </ClInclude>
    <ClInclude Include="..\..\base\Mesh.hpp">
      <Filter>Header Files\base</Filter>
    </ClInclude>
    <ClInclude Include="..\..\Option.hpp">
      <Filter>Header Files\base</Filter>
    </ClInclude>
    <ClInclude Include="..\..\base\OptionParameters.hpp">
      <Filter>Header Files\base</Filter>
    </ClInclude>
    <ClInclude Include="..\..\base\OptionType.hpp">
      <Filter>Header Files\base</Filter>
    </ClInclude>
    <ClInclude Include="..\..\PerpetualAmericanOption.hpp">
      <Filter>Header Files\base</Filter>
    </ClInclude>
    <ClInclude Include="..\..\PricingEngine.hpp">
      <Filter>Header Files\base</Filter>
    </ClInclude>
    <ClInclude Include="..\..\base\PutCallParity.hpp">
      <Filter>Header Files\base</Filter>
    </ClInclude>
    <ClInclude Include="..\..\OptionMatrix.hpp">
      <Filter>Header Files</Filter>
    </ClInclude>
  </ItemGroup>
</Project>